
Microsoft Visual Studio Solution File, Format Version 12.00
# Visual Studio Version 16
VisualStudioVersion = 16.0.30114.105
MinimumVisualStudioVersion = 10.0.40219.1
Project("{FAE04EC0-301F-11D3-BF4B-00C04F79EFBC}") = "API", "API\API.csproj", "{31C9A2D4-5F6A-4A26-9FA7-C67724DDACB2}"
EndProject
Project("{FAE04EC0-301F-11D3-BF4B-00C04F79EFBC}") = "Application", "Application\Application.csproj", "{15DE14CB-B394-495B-8BDC-357FCCA19A07}"
EndProject
Project("{FAE04EC0-301F-11D3-BF4B-00C04F79EFBC}") = "Domain", "Domain\Domain.csproj", "{231FDF30-2A36-4A2D-9FCE-DA6334625A32}"
EndProject
Project("{FAE04EC0-301F-11D3-BF4B-00C04F79EFBC}") = "Persistence", "Persistence\Persistence.csproj", "{72D3902A-E47C-477C-9545-9D3C04541D9C}"
EndProject
Project("{FAE04EC0-301F-11D3-BF4B-00C04F79EFBC}") = "Infrastructure", "Infrastructure\Infrastructure.csproj", "{4FAC358E-8D3F-4889-866E-89F75D0F50A3}"
EndProject
Global
	GlobalSection(SolutionConfigurationPlatforms) = preSolution
		Debug|Any CPU = Debug|Any CPU
		Release|Any CPU = Release|Any CPU
	EndGlobalSection
	GlobalSection(SolutionProperties) = preSolution
		HideSolutionNode = FALSE
	EndGlobalSection
	GlobalSection(ProjectConfigurationPlatforms) = postSolution
		{31C9A2D4-5F6A-4A26-9FA7-C67724DDACB2}.Debug|Any CPU.ActiveCfg = Debug|Any CPU
		{31C9A2D4-5F6A-4A26-9FA7-C67724DDACB2}.Debug|Any CPU.Build.0 = Debug|Any CPU
		{31C9A2D4-5F6A-4A26-9FA7-C67724DDACB2}.Release|Any CPU.ActiveCfg = Release|Any CPU
		{31C9A2D4-5F6A-4A26-9FA7-C67724DDACB2}.Release|Any CPU.Build.0 = Release|Any CPU
		{15DE14CB-B394-495B-8BDC-357FCCA19A07}.Debug|Any CPU.ActiveCfg = Debug|Any CPU
		{15DE14CB-B394-495B-8BDC-357FCCA19A07}.Debug|Any CPU.Build.0 = Debug|Any CPU
		{15DE14CB-B394-495B-8BDC-357FCCA19A07}.Release|Any CPU.ActiveCfg = Release|Any CPU
		{15DE14CB-B394-495B-8BDC-357FCCA19A07}.Release|Any CPU.Build.0 = Release|Any CPU
		{231FDF30-2A36-4A2D-9FCE-DA6334625A32}.Debug|Any CPU.ActiveCfg = Debug|Any CPU
		{231FDF30-2A36-4A2D-9FCE-DA6334625A32}.Debug|Any CPU.Build.0 = Debug|Any CPU
		{231FDF30-2A36-4A2D-9FCE-DA6334625A32}.Release|Any CPU.ActiveCfg = Release|Any CPU
		{231FDF30-2A36-4A2D-9FCE-DA6334625A32}.Release|Any CPU.Build.0 = Release|Any CPU
		{72D3902A-E47C-477C-9545-9D3C04541D9C}.Debug|Any CPU.ActiveCfg = Debug|Any CPU
		{72D3902A-E47C-477C-9545-9D3C04541D9C}.Debug|Any CPU.Build.0 = Debug|Any CPU
		{72D3902A-E47C-477C-9545-9D3C04541D9C}.Release|Any CPU.ActiveCfg = Release|Any CPU
		{72D3902A-E47C-477C-9545-9D3C04541D9C}.Release|Any CPU.Build.0 = Release|Any CPU
		{4FAC358E-8D3F-4889-866E-89F75D0F50A3}.Debug|Any CPU.ActiveCfg = Debug|Any CPU
		{4FAC358E-8D3F-4889-866E-89F75D0F50A3}.Debug|Any CPU.Build.0 = Debug|Any CPU
		{4FAC358E-8D3F-4889-866E-89F75D0F50A3}.Release|Any CPU.ActiveCfg = Release|Any CPU
		{4FAC358E-8D3F-4889-866E-89F75D0F50A3}.Release|Any CPU.Build.0 = Release|Any CPU
	EndGlobalSection
EndGlobal
